
Microsoft Visual Studio Solution File, Format Version 12.00
# Visual Studio Version 16
VisualStudioVersion = 16.0.31515.178
MinimumVisualStudioVersion = 10.0.40219.1
Project("{8BC9CEB8-8B4A-11D0-8D11-00A0C91BC942}") = "Project13", "Project13\Project13.vcxproj", "{49348953-0ACB-44EC-8B88-1B634A9C09C6}"
EndProject
Global
	GlobalSection(SolutionConfigurationPlatforms) = preSolution
		Debug|x64 = Debug|x64
		Debug|x86 = Debug|x86
		Release|x64 = Release|x64
		Release|x86 = Release|x86
	EndGlobalSection
	GlobalSection(ProjectConfigurationPlatforms) = postSolution
		{49348953-0ACB-44EC-8B88-1B634A9C09C6}.Debug|x64.ActiveCfg = Debug|x64
		{49348953-0ACB-44EC-8B88-1B634A9C09C6}.Debug|x64.Build.0 = Debug|x64
		{49348953-0ACB-44EC-8B88-1B634A9C09C6}.Debug|x86.ActiveCfg = Debug|Win32
		{49348953-0ACB-44EC-8B88-1B634A9C09C6}.Debug|x86.Build.0 = Debug|Win32
		{49348953-0ACB-44EC-8B88-1B634A9C09C6}.Release|x64.ActiveCfg = Release|x64
		{49348953-0ACB-44EC-8B88-1B634A9C09C6}.Release|x64.Build.0 = Release|x64
		{49348953-0ACB-44EC-8B88-1B634A9C09C6}.Release|x86.ActiveCfg = Release|Win32
		{49348953-0ACB-44EC-8B88-1B634A9C09C6}.Release|x86.Build.0 = Release|Win32
	EndGlobalSection
	GlobalSection(SolutionProperties) = preSolution
		HideSolutionNode = FALSE
	EndGlobalSection
	GlobalSection(ExtensibilityGlobals) = postSolution
		SolutionGuid = {E5E27EE6-42B0-4702-9264-CA2D3337B07C}
	EndGlobalSection
EndGlobal
